
Microsoft Visual Studio Solution File, Format Version 11.00
# Visual Studio 2010
Project("{8BC9CEB8-8B4A-11D0-8D11-00A0C91BC942}") = "optical flow car", "optical flow car\optical flow car.vcxproj", "{AD6D9D9B-1253-4671-A4C5-80A077C0F931}"
EndProject
Global
	GlobalSection(SolutionConfigurationPlatforms) = preSolution
		Debug|Win32 = Debug|Win32
		Release|Win32 = Release|Win32
	EndGlobalSection
	GlobalSection(ProjectConfigurationPlatforms) = postSolution
		{AD6D9D9B-1253-4671-A4C5-80A077C0F931}.Debug|Win32.ActiveCfg = Debug|Win32
		{AD6D9D9B-1253-4671-A4C5-80A077C0F931}.Debug|Win32.Build.0 = Debug|Win32
		{AD6D9D9B-1253-4671-A4C5-80A077C0F931}.Release|Win32.ActiveCfg = Release|Win32
		{AD6D9D9B-1253-4671-A4C5-80A077C0F931}.Release|Win32.Build.0 = Release|Win32
	EndGlobalSection
	GlobalSection(SolutionProperties) = preSolution
		HideSolutionNode = FALSE
	EndGlobalSection
EndGlobal
